
Microsoft Visual Studio Solution File, Format Version 12.00
# Visual Studio Version 17
VisualStudioVersion = 17.11.35327.3
MinimumVisualStudioVersion = 10.0.40219.1
Project("{9A19103F-16F7-4668-BE54-9A1E7A4F7556}") = "RAZSmartDesk.Entities", "RAZSmartDesk.Entities\RAZSmartDesk.Entities.csproj", "{CC01EBA8-62F4-4C60-AFA6-4AD0F3FBA549}"
EndProject
Project("{9A19103F-16F7-4668-BE54-9A1E7A4F7556}") = "RAZSmartDesk.DataAccess", "RAZSmartDesk.DataAccess\RAZSmartDesk.DataAccess.csproj", "{42A1779C-3C45-471D-8611-28228636B66E}"
EndProject
Project("{9A19103F-16F7-4668-BE54-9A1E7A4F7556}") = "RAZSmartDesk.Common", "RAZSmartDesk.Common\RAZSmartDesk.Common.csproj", "{96BB25D9-2401-4596-9F0A-F098C0675188}"
EndProject
Project("{00D1A9C2-B5F0-4AF3-8072-F6C62B433612}") = "RAZSmartDeskLocalDB", "RAZSmartDeskLocalDB\RAZSmartDeskLocalDB.sqlproj", "{4CFD1F01-E6AB-4A21-829E-09E1EB4AC19D}"
EndProject
Project("{9A19103F-16F7-4668-BE54-9A1E7A4F7556}") = "UnitTests", "UnitTestProject\UnitTests.csproj", "{93422ACF-6CB7-4890-8FCA-0D6C196D9E64}"
EndProject
Project("{9A19103F-16F7-4668-BE54-9A1E7A4F7556}") = "RAZSmartDesk.API", "RAZSmartDesk.API\RAZSmartDesk.API.csproj", "{3306D1AF-C397-4495-91CB-673E239D6A5D}"
EndProject
Global
	GlobalSection(SolutionConfigurationPlatforms) = preSolution
		Debug|Any CPU = Debug|Any CPU
		Release|Any CPU = Release|Any CPU
	EndGlobalSection
	GlobalSection(ProjectConfigurationPlatforms) = postSolution
		{CC01EBA8-62F4-4C60-AFA6-4AD0F3FBA549}.Debug|Any CPU.ActiveCfg = Debug|Any CPU
		{CC01EBA8-62F4-4C60-AFA6-4AD0F3FBA549}.Debug|Any CPU.Build.0 = Debug|Any CPU
		{CC01EBA8-62F4-4C60-AFA6-4AD0F3FBA549}.Release|Any CPU.ActiveCfg = Release|Any CPU
		{CC01EBA8-62F4-4C60-AFA6-4AD0F3FBA549}.Release|Any CPU.Build.0 = Release|Any CPU
		{42A1779C-3C45-471D-8611-28228636B66E}.Debug|Any CPU.ActiveCfg = Debug|Any CPU
		{42A1779C-3C45-471D-8611-28228636B66E}.Debug|Any CPU.Build.0 = Debug|Any CPU
		{42A1779C-3C45-471D-8611-28228636B66E}.Release|Any CPU.ActiveCfg = Release|Any CPU
		{42A1779C-3C45-471D-8611-28228636B66E}.Release|Any CPU.Build.0 = Release|Any CPU
		{96BB25D9-2401-4596-9F0A-F098C0675188}.Debug|Any CPU.ActiveCfg = Debug|Any CPU
		{96BB25D9-2401-4596-9F0A-F098C0675188}.Debug|Any CPU.Build.0 = Debug|Any CPU
		{96BB25D9-2401-4596-9F0A-F098C0675188}.Release|Any CPU.ActiveCfg = Release|Any CPU
		{96BB25D9-2401-4596-9F0A-F098C0675188}.Release|Any CPU.Build.0 = Release|Any CPU
		{4CFD1F01-E6AB-4A21-829E-09E1EB4AC19D}.Debug|Any CPU.ActiveCfg = Debug|Any CPU
		{4CFD1F01-E6AB-4A21-829E-09E1EB4AC19D}.Debug|Any CPU.Build.0 = Debug|Any CPU
		{4CFD1F01-E6AB-4A21-829E-09E1EB4AC19D}.Debug|Any CPU.Deploy.0 = Debug|Any CPU
		{4CFD1F01-E6AB-4A21-829E-09E1EB4AC19D}.Release|Any CPU.ActiveCfg = Release|Any CPU
		{4CFD1F01-E6AB-4A21-829E-09E1EB4AC19D}.Release|Any CPU.Build.0 = Release|Any CPU
		{4CFD1F01-E6AB-4A21-829E-09E1EB4AC19D}.Release|Any CPU.Deploy.0 = Release|Any CPU
		{93422ACF-6CB7-4890-8FCA-0D6C196D9E64}.Debug|Any CPU.ActiveCfg = Debug|Any CPU
		{93422ACF-6CB7-4890-8FCA-0D6C196D9E64}.Debug|Any CPU.Build.0 = Debug|Any CPU
		{93422ACF-6CB7-4890-8FCA-0D6C196D9E64}.Release|Any CPU.ActiveCfg = Release|Any CPU
		{93422ACF-6CB7-4890-8FCA-0D6C196D9E64}.Release|Any CPU.Build.0 = Release|Any CPU
		{3306D1AF-C397-4495-91CB-673E239D6A5D}.Debug|Any CPU.ActiveCfg = Debug|Any CPU
		{3306D1AF-C397-4495-91CB-673E239D6A5D}.Debug|Any CPU.Build.0 = Debug|Any CPU
		{3306D1AF-C397-4495-91CB-673E239D6A5D}.Release|Any CPU.ActiveCfg = Release|Any CPU
		{3306D1AF-C397-4495-91CB-673E239D6A5D}.Release|Any CPU.Build.0 = Release|Any CPU
	EndGlobalSection
	GlobalSection(SolutionProperties) = preSolution
		HideSolutionNode = FALSE
	EndGlobalSection
	GlobalSection(ExtensibilityGlobals) = postSolution
		SolutionGuid = {C486AC98-80CF-4A5D-8FA8-27C6ECF90325}
	EndGlobalSection
EndGlobal
