
Microsoft Visual Studio Solution File, Format Version 12.00
# Visual Studio Version 17
VisualStudioVersion = 17.11.35327.3
MinimumVisualStudioVersion = 10.0.40219.1
Project("{9A19103F-16F7-4668-BE54-9A1E7A4F7556}") = "RAZSmartDesk.WebUI", "RAZSmartDesk.WebUI\RAZSmartDesk.WebUI.csproj", "{CE40781D-C076-4CEA-815B-38AAFAFB9634}"
EndProject
Project("{00D1A9C2-B5F0-4AF3-8072-F6C62B433612}") = "RAZSmartDesk.Database", "RAZSmartDesk.Database\RAZSmartDesk.Database.sqlproj", "{268BD15B-C275-4EBC-9424-DB65DE63B0BF}"
EndProject
Project("{FAE04EC0-301F-11D3-BF4B-00C04F79EFBC}") = "RAZSmartDesk.Entities", "RAZSmartDesk.Entities\RAZSmartDesk.Entities.csproj", "{CC01EBA8-62F4-4C60-AFA6-4AD0F3FBA549}"
EndProject
Global
	GlobalSection(SolutionConfigurationPlatforms) = preSolution
		Debug|Any CPU = Debug|Any CPU
		Release|Any CPU = Release|Any CPU
	EndGlobalSection
	GlobalSection(ProjectConfigurationPlatforms) = postSolution
		{CE40781D-C076-4CEA-815B-38AAFAFB9634}.Debug|Any CPU.ActiveCfg = Debug|Any CPU
		{CE40781D-C076-4CEA-815B-38AAFAFB9634}.Debug|Any CPU.Build.0 = Debug|Any CPU
		{CE40781D-C076-4CEA-815B-38AAFAFB9634}.Release|Any CPU.ActiveCfg = Release|Any CPU
		{CE40781D-C076-4CEA-815B-38AAFAFB9634}.Release|Any CPU.Build.0 = Release|Any CPU
		{268BD15B-C275-4EBC-9424-DB65DE63B0BF}.Debug|Any CPU.ActiveCfg = Debug|Any CPU
		{268BD15B-C275-4EBC-9424-DB65DE63B0BF}.Debug|Any CPU.Build.0 = Debug|Any CPU
		{268BD15B-C275-4EBC-9424-DB65DE63B0BF}.Debug|Any CPU.Deploy.0 = Debug|Any CPU
		{268BD15B-C275-4EBC-9424-DB65DE63B0BF}.Release|Any CPU.ActiveCfg = Release|Any CPU
		{268BD15B-C275-4EBC-9424-DB65DE63B0BF}.Release|Any CPU.Build.0 = Release|Any CPU
		{268BD15B-C275-4EBC-9424-DB65DE63B0BF}.Release|Any CPU.Deploy.0 = Release|Any CPU
		{CC01EBA8-62F4-4C60-AFA6-4AD0F3FBA549}.Debug|Any CPU.ActiveCfg = Debug|Any CPU
		{CC01EBA8-62F4-4C60-AFA6-4AD0F3FBA549}.Debug|Any CPU.Build.0 = Debug|Any CPU
		{CC01EBA8-62F4-4C60-AFA6-4AD0F3FBA549}.Release|Any CPU.ActiveCfg = Release|Any CPU
		{CC01EBA8-62F4-4C60-AFA6-4AD0F3FBA549}.Release|Any CPU.Build.0 = Release|Any CPU
	EndGlobalSection
	GlobalSection(SolutionProperties) = preSolution
		HideSolutionNode = FALSE
	EndGlobalSection
	GlobalSection(ExtensibilityGlobals) = postSolution
		SolutionGuid = {C486AC98-80CF-4A5D-8FA8-27C6ECF90325}
	EndGlobalSection
EndGlobal
